// !$*UTF8*$!
{
	archiveVersion = 1;
	classes = {
	};
	objectVersion = 50;
	objects = {

/* Begin PBXBuildFile section */
		3A54DCE820C4092D009DE6E4 /* FindCollectionReusableView.swift in Sources */ = {isa = PBXBuildFile; fileRef = 3A54DCE720C4092D009DE6E4 /* FindCollectionReusableView.swift */; };
		3A54DCEC20C42C67009DE6E4 /* SettingsTable.swift in Sources */ = {isa = PBXBuildFile; fileRef = 3A54DCEB20C42C67009DE6E4 /* SettingsTable.swift */; };
		3A54DCEE20C43424009DE6E4 /* PreviewVCViewController.swift in Sources */ = {isa = PBXBuildFile; fileRef = 3A54DCED20C43424009DE6E4 /* PreviewVCViewController.swift */; };
		3AB1D6BC20C1321A00F4C895 /* AppDelegate.swift in Sources */ = {isa = PBXBuildFile; fileRef = 3AB1D6BB20C1321A00F4C895 /* AppDelegate.swift */; };
		3AB1D6C120C1321A00F4C895 /* Main.storyboard in Resources */ = {isa = PBXBuildFile; fileRef = 3AB1D6BF20C1321A00F4C895 /* Main.storyboard */; };
		3AB1D6C420C1321A00F4C895 /* VideoOrImage.xcdatamodeld in Sources */ = {isa = PBXBuildFile; fileRef = 3AB1D6C220C1321A00F4C895 /* VideoOrImage.xcdatamodeld */; };
		3AB1D6C620C1321C00F4C895 /* Assets.xcassets in Resources */ = {isa = PBXBuildFile; fileRef = 3AB1D6C520C1321C00F4C895 /* Assets.xcassets */; };
		3AB1D6C920C1321C00F4C895 /* LaunchScreen.storyboard in Resources */ = {isa = PBXBuildFile; fileRef = 3AB1D6C720C1321C00F4C895 /* LaunchScreen.storyboard */; };
		3AB1D6D320C135A200F4C895 /* ImageCollectionViewController.swift in Sources */ = {isa = PBXBuildFile; fileRef = 3AB1D6D220C135A200F4C895 /* ImageCollectionViewController.swift */; };
		3AB1D6D520C1378700F4C895 /* MyCell.swift in Sources */ = {isa = PBXBuildFile; fileRef = 3AB1D6D420C1378700F4C895 /* MyCell.swift */; };
		3AD45A7620C684B700F75F80 /* ViewController.swift in Sources */ = {isa = PBXBuildFile; fileRef = 3AD45A7520C684B700F75F80 /* ViewController.swift */; };
		3AD45A7820C6BB1A00F75F80 /* SettingCell.swift in Sources */ = {isa = PBXBuildFile; fileRef = 3AD45A7720C6BB1A00F75F80 /* SettingCell.swift */; };
		3AD7EB6B20C81A020023EC63 /* CloseKeyboard.swift in Sources */ = {isa = PBXBuildFile; fileRef = 3AD7EB6A20C81A020023EC63 /* CloseKeyboard.swift */; };
/* End PBXBuildFile section */

/* Begin PBXFileReference section */
		3A54DCE720C4092D009DE6E4 /* FindCollectionReusableView.swift */ = {isa = PBXFileReference; lastKnownFileType = sourcecode.swift; path = FindCollectionReusableView.swift; sourceTree = "<group>"; };
		3A54DCEB20C42C67009DE6E4 /* SettingsTable.swift */ = {isa = PBXFileReference; lastKnownFileType = sourcecode.swift; path = SettingsTable.swift; sourceTree = "<group>"; };
		3A54DCED20C43424009DE6E4 /* PreviewVCViewController.swift */ = {isa = PBXFileReference; lastKnownFileType = sourcecode.swift; path = PreviewVCViewController.swift; sourceTree = "<group>"; };
		3AB1D6B820C1321A00F4C895 /* VideoOrImage.app */ = {isa = PBXFileReference; explicitFileType = wrapper.application; includeInIndex = 0; path = VideoOrImage.app; sourceTree = BUILT_PRODUCTS_DIR; };
		3AB1D6BB20C1321A00F4C895 /* AppDelegate.swift */ = {isa = PBXFileReference; lastKnownFileType = sourcecode.swift; path = AppDelegate.swift; sourceTree = "<group>"; };
		3AB1D6C020C1321A00F4C895 /* Base */ = {isa = PBXFileReference; lastKnownFileType = file.storyboard; name = Base; path = Base.lproj/Main.storyboard; sourceTree = "<group>"; };
		3AB1D6C320C1321A00F4C895 /* VideoOrImage.xcdatamodel */ = {isa = PBXFileReference; lastKnownFileType = wrapper.xcdatamodel; path = VideoOrImage.xcdatamodel; sourceTree = "<group>"; };
		3AB1D6C520C1321C00F4C895 /* Assets.xcassets */ = {isa = PBXFileReference; lastKnownFileType = folder.assetcatalog; path = Assets.xcassets; sourceTree = "<group>"; };
		3AB1D6C820C1321C00F4C895 /* Base */ = {isa = PBXFileReference; lastKnownFileType = file.storyboard; name = Base; path = Base.lproj/LaunchScreen.storyboard; sourceTree = "<group>"; };
		3AB1D6CA20C1321C00F4C895 /* Info.plist */ = {isa = PBXFileReference; lastKnownFileType = text.plist.xml; path = Info.plist; sourceTree = "<group>"; };
		3AB1D6D220C135A200F4C895 /* ImageCollectionViewController.swift */ = {isa = PBXFileReference; lastKnownFileType = sourcecode.swift; path = ImageCollectionViewController.swift; sourceTree = "<group>"; };
		3AB1D6D420C1378700F4C895 /* MyCell.swift */ = {isa = PBXFileReference; lastKnownFileType = sourcecode.swift; path = MyCell.swift; sourceTree = "<group>"; };
		3AD45A7520C684B700F75F80 /* ViewController.swift */ = {isa = PBXFileReference; lastKnownFileType = sourcecode.swift; path = ViewController.swift; sourceTree = "<group>"; };
		3AD45A7720C6BB1A00F75F80 /* SettingCell.swift */ = {isa = PBXFileReference; lastKnownFileType = sourcecode.swift; path = SettingCell.swift; sourceTree = "<group>"; };
		3AD7EB6A20C81A020023EC63 /* CloseKeyboard.swift */ = {isa = PBXFileReference; lastKnownFileType = sourcecode.swift; path = CloseKeyboard.swift; sourceTree = "<group>"; };
/* End PBXFileReference section */

/* Begin PBXFrameworksBuildPhase section */
		3AB1D6B520C1321A00F4C895 /* Frameworks */ = {
			isa = PBXFrameworksBuildPhase;
			buildActionMask = 2147483647;
			files = (
			);
			runOnlyForDeploymentPostprocessing = 0;
		};
/* End PBXFrameworksBuildPhase section */

/* Begin PBXGroup section */
		3A12B22620C52DD900D7ED45 /* Controller */ = {
			isa = PBXGroup;
			children = (
				3AD45A7520C684B700F75F80 /* ViewController.swift */,
				3AB1D6D220C135A200F4C895 /* ImageCollectionViewController.swift */,
				3A54DCED20C43424009DE6E4 /* PreviewVCViewController.swift */,
				3A54DCEB20C42C67009DE6E4 /* SettingsTable.swift */,
			);
			path = Controller;
			sourceTree = "<group>";
		};
		3A12B22820C52E0700D7ED45 /* Cell */ = {
			isa = PBXGroup;
			children = (
				3AD45A7720C6BB1A00F75F80 /* SettingCell.swift */,
				3AB1D6D420C1378700F4C895 /* MyCell.swift */,
				3A54DCE720C4092D009DE6E4 /* FindCollectionReusableView.swift */,
			);
			path = Cell;
			sourceTree = "<group>";
		};
		3AB1D6AF20C1321A00F4C895 = {
			isa = PBXGroup;
			children = (
				3AB1D6BA20C1321A00F4C895 /* VideoOrImage */,
				3AB1D6B920C1321A00F4C895 /* Products */,
			);
			sourceTree = "<group>";
		};
		3AB1D6B920C1321A00F4C895 /* Products */ = {
			isa = PBXGroup;
			children = (
				3AB1D6B820C1321A00F4C895 /* VideoOrImage.app */,
			);
			name = Products;
			sourceTree = "<group>";
		};
		3AB1D6BA20C1321A00F4C895 /* VideoOrImage */ = {
			isa = PBXGroup;
			children = (
				3AD7EB6A20C81A020023EC63 /* CloseKeyboard.swift */,
				3A12B22820C52E0700D7ED45 /* Cell */,
				3A12B22620C52DD900D7ED45 /* Controller */,
				3AB1D6BB20C1321A00F4C895 /* AppDelegate.swift */,
				3AB1D6BF20C1321A00F4C895 /* Main.storyboard */,
				3AB1D6C720C1321C00F4C895 /* LaunchScreen.storyboard */,
				3AB1D6C520C1321C00F4C895 /* Assets.xcassets */,
				3AB1D6CA20C1321C00F4C895 /* Info.plist */,
				3AB1D6C220C1321A00F4C895 /* VideoOrImage.xcdatamodeld */,
			);
			path = VideoOrImage;
			sourceTree = "<group>";
		};
/* End PBXGroup section */

/* Begin PBXNativeTarget section */
		3AB1D6B720C1321A00F4C895 /* VideoOrImage */ = {
			isa = PBXNativeTarget;
			buildConfigurationList = 3AB1D6CD20C1321C00F4C895 /* Build configuration list for PBXNativeTarget "VideoOrImage" */;
			buildPhases = (
				3AB1D6B420C1321A00F4C895 /* Sources */,
				3AB1D6B520C1321A00F4C895 /* Frameworks */,
				3AB1D6B620C1321A00F4C895 /* Resources */,
			);
			buildRules = (
			);
			dependencies = (
			);
			name = VideoOrImage;
			productName = VideoOrImage;
			productReference = 3AB1D6B820C1321A00F4C895 /* VideoOrImage.app */;
			productType = "com.apple.product-type.application";
		};
/* End PBXNativeTarget section */

/* Begin PBXProject section */
		3AB1D6B020C1321A00F4C895 /* Project object */ = {
			isa = PBXProject;
			attributes = {
				LastSwiftUpdateCheck = 0940;
				LastUpgradeCheck = 0940;
				ORGANIZATIONNAME = Anton;
				TargetAttributes = {
					3AB1D6B720C1321A00F4C895 = {
						CreatedOnToolsVersion = 9.4;
					};
				};
			};
			buildConfigurationList = 3AB1D6B320C1321A00F4C895 /* Build configuration list for PBXProject "VideoOrImage" */;
			compatibilityVersion = "Xcode 9.3";
			developmentRegion = en;
			hasScannedForEncodings = 0;
			knownRegions = (
				en,
				Base,
			);
			mainGroup = 3AB1D6AF20C1321A00F4C895;
			productRefGroup = 3AB1D6B920C1321A00F4C895 /* Products */;
			projectDirPath = "";
			projectRoot = "";
			targets = (
				3AB1D6B720C1321A00F4C895 /* VideoOrImage */,
			);
		};
/* End PBXProject section */

/* Begin PBXResourcesBuildPhase section */
		3AB1D6B620C1321A00F4C895 /* Resources */ = {
			isa = PBXResourcesBuildPhase;
			buildActionMask = 2147483647;
			files = (
				3AB1D6C920C1321C00F4C895 /* LaunchScreen.storyboard in Resources */,
				3AB1D6C620C1321C00F4C895 /* Assets.xcassets in Resources */,
				3AB1D6C120C1321A00F4C895 /* Main.storyboard in Resources */,
			);
			runOnlyForDeploymentPostprocessing = 0;
		};
/* End PBXResourcesBuildPhase section */

/* Begin PBXSourcesBuildPhase section */
		3AB1D6B420C1321A00F4C895 /* Sources */ = {
			isa = PBXSourcesBuildPhase;
			buildActionMask = 2147483647;
			files = (
				3A54DCE820C4092D009DE6E4 /* FindCollectionReusableView.swift in Sources */,
				3AB1D6D320C135A200F4C895 /* ImageCollectionViewController.swift in Sources */,
				3A54DCEE20C43424009DE6E4 /* PreviewVCViewController.swift in Sources */,
				3AD7EB6B20C81A020023EC63 /* CloseKeyboard.swift in Sources */,
				3AB1D6D520C1378700F4C895 /* MyCell.swift in Sources */,
				3A54DCEC20C42C67009DE6E4 /* SettingsTable.swift in Sources */,
				3AB1D6BC20C1321A00F4C895 /* AppDelegate.swift in Sources */,
				3AD45A7620C684B700F75F80 /* ViewController.swift in Sources */,
				3AB1D6C420C1321A00F4C895 /* VideoOrImage.xcdatamodeld in Sources */,
				3AD45A7820C6BB1A00F75F80 /* SettingCell.swift in Sources */,
			);
			runOnlyForDeploymentPostprocessing = 0;
		};
/* End PBXSourcesBuildPhase section */

/* Begin PBXVariantGroup section */
		3AB1D6BF20C1321A00F4C895 /* Main.storyboard */ = {
			isa = PBXVariantGroup;
			children = (
				3AB1D6C020C1321A00F4C895 /* Base */,
			);
			name = Main.storyboard;
			sourceTree = "<group>";
		};
		3AB1D6C720C1321C00F4C895 /* LaunchScreen.storyboard */ = {
			isa = PBXVariantGroup;
			children = (
				3AB1D6C820C1321C00F4C895 /* Base */,
			);
			name = LaunchScreen.storyboard;
			sourceTree = "<group>";
		};
/* End PBXVariantGroup section */

/* Begin XCBuildConfiguration section */
		3AB1D6CB20C1321C00F4C895 /* Debug */ = {
			isa = XCBuildConfiguration;
			buildSettings = {
				ALWAYS_SEARCH_USER_PATHS = NO;
				CLANG_ANALYZER_NONNULL = YES;
				CLANG_ANALYZER_NUMBER_OBJECT_CONVERSION = YES_AGGRESSIVE;
				CLANG_CXX_LANGUAGE_STANDARD = "gnu++14";
				CLANG_CXX_LIBRARY = "libc++";
				CLANG_ENABLE_MODULES = YES;
				CLANG_ENABLE_OBJC_ARC = YES;
				CLANG_ENABLE_OBJC_WEAK = YES;
				CLANG_WARN_BLOCK_CAPTURE_AUTORELEASING = YES;
				CLANG_WARN_BOOL_CONVERSION = YES;
				CLANG_WARN_COMMA = YES;
				CLANG_WARN_CONSTANT_CONVERSION = YES;
				CLANG_WARN_DEPRECATED_OBJC_IMPLEMENTATIONS = YES;
				CLANG_WARN_DIRECT_OBJC_ISA_USAGE = YES_ERROR;
				CLANG_WARN_DOCUMENTATION_COMMENTS = YES;
				CLANG_WARN_EMPTY_BODY = YES;
				CLANG_WARN_ENUM_CONVERSION = YES;
				CLANG_WARN_INFINITE_RECURSION = YES;
				CLANG_WARN_INT_CONVERSION = YES;
				CLANG_WARN_NON_LITERAL_NULL_CONVERSION = YES;
				CLANG_WARN_OBJC_IMPLICIT_RETAIN_SELF = YES;
				CLANG_WARN_OBJC_LITERAL_CONVERSION = YES;
				CLANG_WARN_OBJC_ROOT_CLASS = YES_ERROR;
				CLANG_WARN_RANGE_LOOP_ANALYSIS = YES;
				CLANG_WARN_STRICT_PROTOTYPES = YES;
				CLANG_WARN_SUSPICIOUS_MOVE = YES;
				CLANG_WARN_UNGUARDED_AVAILABILITY = YES_AGGRESSIVE;
				CLANG_WARN_UNREACHABLE_CODE = YES;
				CLANG_WARN__DUPLICATE_METHOD_MATCH = YES;
				CODE_SIGN_IDENTITY = "iPhone Developer";
				COPY_PHASE_STRIP = NO;
				DEBUG_INFORMATION_FORMAT = dwarf;
				ENABLE_STRICT_OBJC_MSGSEND = YES;
				ENABLE_TESTABILITY = YES;
				GCC_C_LANGUAGE_STANDARD = gnu11;
				GCC_DYNAMIC_NO_PIC = NO;
				GCC_NO_COMMON_BLOCKS = YES;
				GCC_OPTIMIZATION_LEVEL = 0;
				GCC_PREPROCESSOR_DEFINITIONS = (
					"DEBUG=1",
					"$(inherited)",
				);
				GCC_WARN_64_TO_32_BIT_CONVERSION = YES;
				GCC_WARN_ABOUT_RETURN_TYPE = YES_ERROR;
				GCC_WARN_UNDECLARED_SELECTOR = YES;
				GCC_WARN_UNINITIALIZED_AUTOS = YES_AGGRESSIVE;
				GCC_WARN_UNUSED_FUNCTION = YES;
				GCC_WARN_UNUSED_VARIABLE = YES;
				IPHONEOS_DEPLOYMENT_TARGET = 11.4;
				MTL_ENABLE_DEBUG_INFO = YES;
				ONLY_ACTIVE_ARCH = YES;
				SDKROOT = iphoneos;
				SWIFT_ACTIVE_COMPILATION_CONDITIONS = DEBUG;
				SWIFT_OPTIMIZATION_LEVEL = "-Onone";
			};
			name = Debug;
		};
		3AB1D6CC20C1321C00F4C895 /* Release */ = {
			isa = XCBuildConfiguration;
			buildSettings = {
				ALWAYS_SEARCH_USER_PATHS = NO;
				CLANG_ANALYZER_NONNULL = YES;
				CLANG_ANALYZER_NUMBER_OBJECT_CONVERSION = YES_AGGRESSIVE;
				CLANG_CXX_LANGUAGE_STANDARD = "gnu++14";
				CLANG_CXX_LIBRARY = "libc++";
				CLANG_ENABLE_MODULES = YES;
				CLANG_ENABLE_OBJC_ARC = YES;
				CLANG_ENABLE_OBJC_WEAK = YES;
				CLANG_WARN_BLOCK_CAPTURE_AUTORELEASING = YES;
				CLANG_WARN_BOOL_CONVERSION = YES;
				CLANG_WARN_COMMA = YES;
				CLANG_WARN_CONSTANT_CONVERSION = YES;
				CLANG_WARN_DEPRECATED_OBJC_IMPLEMENTATIONS = YES;
				CLANG_WARN_DIRECT_OBJC_ISA_USAGE = YES_ERROR;
				CLANG_WARN_DOCUMENTATION_COMMENTS = YES;
				CLANG_WARN_EMPTY_BODY = YES;
				CLANG_WARN_ENUM_CONVERSION = YES;
				CLANG_WARN_INFINITE_RECURSION = YES;
				CLANG_WARN_INT_CONVERSION = YES;
				CLANG_WARN_NON_LITERAL_NULL_CONVERSION = YES;
				CLANG_WARN_OBJC_IMPLICIT_RETAIN_SELF = YES;
				CLANG_WARN_OBJC_LITERAL_CONVERSION = YES;
				CLANG_WARN_OBJC_ROOT_CLASS = YES_ERROR;
				CLANG_WARN_RANGE_LOOP_ANALYSIS = YES;
				CLANG_WARN_STRICT_PROTOTYPES = YES;
				CLANG_WARN_SUSPICIOUS_MOVE = YES;
				CLANG_WARN_UNGUARDED_AVAILABILITY = YES_AGGRESSIVE;
				CLANG_WARN_UNREACHABLE_CODE = YES;
				CLANG_WARN__DUPLICATE_METHOD_MATCH = YES;
				CODE_SIGN_IDENTITY = "iPhone Developer";
				COPY_PHASE_STRIP = NO;
				DEBUG_INFORMATION_FORMAT = "dwarf-with-dsym";
				ENABLE_NS_ASSERTIONS = NO;
				ENABLE_STRICT_OBJC_MSGSEND = YES;
				GCC_C_LANGUAGE_STANDARD = gnu11;
				GCC_NO_COMMON_BLOCKS = YES;
				GCC_WARN_64_TO_32_BIT_CONVERSION = YES;
				GCC_WARN_ABOUT_RETURN_TYPE = YES_ERROR;
				GCC_WARN_UNDECLARED_SELECTOR = YES;
				GCC_WARN_UNINITIALIZED_AUTOS = YES_AGGRESSIVE;
				GCC_WARN_UNUSED_FUNCTION = YES;
				GCC_WARN_UNUSED_VARIABLE = YES;
				IPHONEOS_DEPLOYMENT_TARGET = 11.4;
				MTL_ENABLE_DEBUG_INFO = NO;
				SDKROOT = iphoneos;
				SWIFT_COMPILATION_MODE = wholemodule;
				SWIFT_OPTIMIZATION_LEVEL = "-O";
				VALIDATE_PRODUCT = YES;
			};
			name = Release;
		};
		3AB1D6CE20C1321C00F4C895 /* Debug */ = {
			isa = XCBuildConfiguration;
			buildSettings = {
				ASSETCATALOG_COMPILER_APPICON_NAME = AppIcon;
				CODE_SIGN_STYLE = Automatic;
				DEVELOPMENT_TEAM = 2H932YHW79;
				INFOPLIST_FILE = VideoOrImage/Info.plist;
				LD_RUNPATH_SEARCH_PATHS = (
					"$(inherited)",
					"@executable_path/Frameworks",
				);
				PRODUCT_BUNDLE_IDENTIFIER = Switch.VideoOrImage;
				PRODUCT_NAME = "$(TARGET_NAME)";
				SWIFT_VERSION = 4.0;
				TARGETED_DEVICE_FAMILY = "1,2";
			};
			name = Debug;
		};
		3AB1D6CF20C1321C00F4C895 /* Release */ = {
			isa = XCBuildConfiguration;
			buildSettings = {
				ASSETCATALOG_COMPILER_APPICON_NAME = AppIcon;
				CODE_SIGN_STYLE = Automatic;
				DEVELOPMENT_TEAM = 2H932YHW79;
				INFOPLIST_FILE = VideoOrImage/Info.plist;
				LD_RUNPATH_SEARCH_PATHS = (
					"$(inherited)",
					"@executable_path/Frameworks",
				);
				PRODUCT_BUNDLE_IDENTIFIER = Switch.VideoOrImage;
				PRODUCT_NAME = "$(TARGET_NAME)";
				SWIFT_VERSION = 4.0;
				TARGETED_DEVICE_FAMILY = "1,2";
			};
			name = Release;
		};
/* End XCBuildConfiguration section */

/* Begin XCConfigurationList section */
		3AB1D6B320C1321A00F4C895 /* Build configuration list for PBXProject "VideoOrImage" */ = {
			isa = XCConfigurationList;
			buildConfigurations = (
				3AB1D6CB20C1321C00F4C895 /* Debug */,
				3AB1D6CC20C1321C00F4C895 /* Release */,
			);
			defaultConfigurationIsVisible = 0;
			defaultConfigurationName = Release;
		};
		3AB1D6CD20C1321C00F4C895 /* Build configuration list for PBXNativeTarget "VideoOrImage" */ = {
			isa = XCConfigurationList;
			buildConfigurations = (
				3AB1D6CE20C1321C00F4C895 /* Debug */,
				3AB1D6CF20C1321C00F4C895 /* Release */,
			);
			defaultConfigurationIsVisible = 0;
			defaultConfigurationName = Release;
		};
/* End XCConfigurationList section */

/* Begin XCVersionGroup section */
		3AB1D6C220C1321A00F4C895 /* VideoOrImage.xcdatamodeld */ = {
			isa = XCVersionGroup;
			children = (
				3AB1D6C320C1321A00F4C895 /* VideoOrImage.xcdatamodel */,
			);
			currentVersion = 3AB1D6C320C1321A00F4C895 /* VideoOrImage.xcdatamodel */;
			path = VideoOrImage.xcdatamodeld;
			sourceTree = "<group>";
			versionGroupType = wrapper.xcdatamodel;
		};
/* End XCVersionGroup section */
	};
	rootObject = 3AB1D6B020C1321A00F4C895 /* Project object */;
}
